
Microsoft Visual Studio Solution File, Format Version 12.00
# Visual Studio Version 17
VisualStudioVersion = 17.2.32630.192
MinimumVisualStudioVersion = 10.0.40219.1
Project("{FAE04EC0-301F-11D3-BF4B-00C04F79EFBC}") = "RedeSocial", "RedeSocial\RedeSocial.csproj", "{69C89EEA-AB76-416E-9934-E9304534B671}"
EndProject
Global
	GlobalSection(SolutionConfigurationPlatforms) = preSolution
		Debug|Any CPU = Debug|Any CPU
		Release|Any CPU = Release|Any CPU
	EndGlobalSection
	GlobalSection(ProjectConfigurationPlatforms) = postSolution
		{69C89EEA-AB76-416E-9934-E9304534B671}.Debug|Any CPU.ActiveCfg = Debug|Any CPU
		{69C89EEA-AB76-416E-9934-E9304534B671}.Debug|Any CPU.Build.0 = Debug|Any CPU
		{69C89EEA-AB76-416E-9934-E9304534B671}.Release|Any CPU.ActiveCfg = Release|Any CPU
		{69C89EEA-AB76-416E-9934-E9304534B671}.Release|Any CPU.Build.0 = Release|Any CPU
	EndGlobalSection
	GlobalSection(SolutionProperties) = preSolution
		HideSolutionNode = FALSE
	EndGlobalSection
	GlobalSection(ExtensibilityGlobals) = postSolution
		SolutionGuid = {FF724155-1BFD-4604-B04F-8DC0E48C2F98}
	EndGlobalSection
EndGlobal
